{
  "originHash" : "4e36db2d75b92159676bd54b931430e1e2b9100673618675850a4261d7699eb6",
  "pins" : [
    {
      "identity" : "ayantechnetworkinglibrary-ios",
      "kind" : "remoteSourceControl",
      "location" : "https://github.com/AyanTech/AyanTechNetworkingLibrary-iOS",
      "state" : {
        "revision" : "9363318ceb325e18a561e2dc8e5497c873bfedaa",
        "version" : "1.8.0"
      }
    }
  ],
  "version" : 3
}
