{
  "originHash" : "724d37ad119eef7b10d36c99cb820c3030a819fcfc534c58ef1126c9f642bb82",
  "pins" : [
    {
      "identity" : "ayantechnetworkinglibrary-ios",
      "kind" : "remoteSourceControl",
      "location" : "https://github.com/AyanTech/AyanTechNetworkingLibrary-iOS",
      "state" : {
        "revision" : "d346e4d14099885734afbcce9dd2e5ac8cef94c8",
        "version" : "2.0.0"
      }
    }
  ],
  "version" : 3
}
